
Microsoft Visual Studio Solution File, Format Version 12.00
# Visual Studio Version 16
VisualStudioVersion = 16.0.32106.194
MinimumVisualStudioVersion = 10.0.40219.1
Project("{FAE04EC0-301F-11D3-BF4B-00C04F79EFBC}") = "TestLoginLogoutApplication", "TestLoginLogoutApplication\TestLoginLogoutApplication.csproj", "{B944C253-CC34-4D34-ACED-1A3B68154883}"
EndProject
Global
	GlobalSection(SolutionConfigurationPlatforms) = preSolution
		Debug|Any CPU = Debug|Any CPU
		Release|Any CPU = Release|Any CPU
	EndGlobalSection
	GlobalSection(ProjectConfigurationPlatforms) = postSolution
		{B944C253-CC34-4D34-ACED-1A3B68154883}.Debug|Any CPU.ActiveCfg = Debug|Any CPU
		{B944C253-CC34-4D34-ACED-1A3B68154883}.Debug|Any CPU.Build.0 = Debug|Any CPU
		{B944C253-CC34-4D34-ACED-1A3B68154883}.Release|Any CPU.ActiveCfg = Release|Any CPU
		{B944C253-CC34-4D34-ACED-1A3B68154883}.Release|Any CPU.Build.0 = Release|Any CPU
	EndGlobalSection
	GlobalSection(SolutionProperties) = preSolution
		HideSolutionNode = FALSE
	EndGlobalSection
	GlobalSection(ExtensibilityGlobals) = postSolution
		SolutionGuid = {7916EC23-ECF2-436B-8CF6-613F8938D593}
	EndGlobalSection
EndGlobal
