
Microsoft Visual Studio Solution File, Format Version 12.00
# Visual Studio Version 16
VisualStudioVersion = 16.0.32002.261
MinimumVisualStudioVersion = 10.0.40219.1
Project("{FAE04EC0-301F-11D3-BF4B-00C04F79EFBC}") = "Thực Hành Buổi 1", "Thực Hành Buổi 1\Thực Hành Buổi 1.csproj", "{3A3A7E87-F005-4629-92FE-966C813D7C18}"
EndProject
Global
	GlobalSection(SolutionConfigurationPlatforms) = preSolution
		Debug|Any CPU = Debug|Any CPU
		Release|Any CPU = Release|Any CPU
	EndGlobalSection
	GlobalSection(ProjectConfigurationPlatforms) = postSolution
		{3A3A7E87-F005-4629-92FE-966C813D7C18}.Debug|Any CPU.ActiveCfg = Debug|Any CPU
		{3A3A7E87-F005-4629-92FE-966C813D7C18}.Debug|Any CPU.Build.0 = Debug|Any CPU
		{3A3A7E87-F005-4629-92FE-966C813D7C18}.Release|Any CPU.ActiveCfg = Release|Any CPU
		{3A3A7E87-F005-4629-92FE-966C813D7C18}.Release|Any CPU.Build.0 = Release|Any CPU
	EndGlobalSection
	GlobalSection(SolutionProperties) = preSolution
		HideSolutionNode = FALSE
	EndGlobalSection
	GlobalSection(ExtensibilityGlobals) = postSolution
		SolutionGuid = {181FAAB1-A0DF-49DD-AB83-AB3312D17F4A}
	EndGlobalSection
EndGlobal
