
Microsoft Visual Studio Solution File, Format Version 12.00
# Visual Studio Version 16
VisualStudioVersion = 16.0.32106.194
MinimumVisualStudioVersion = 10.0.40219.1
Project("{FAE04EC0-301F-11D3-BF4B-00C04F79EFBC}") = "Thực Hành Buổi 2", "Thực Hành Buổi 2\Thực Hành Buổi 2.csproj", "{3E90BEA6-0C91-43C4-8083-2D44B561A91A}"
EndProject
Global
	GlobalSection(SolutionConfigurationPlatforms) = preSolution
		Debug|Any CPU = Debug|Any CPU
		Release|Any CPU = Release|Any CPU
	EndGlobalSection
	GlobalSection(ProjectConfigurationPlatforms) = postSolution
		{3E90BEA6-0C91-43C4-8083-2D44B561A91A}.Debug|Any CPU.ActiveCfg = Debug|Any CPU
		{3E90BEA6-0C91-43C4-8083-2D44B561A91A}.Debug|Any CPU.Build.0 = Debug|Any CPU
		{3E90BEA6-0C91-43C4-8083-2D44B561A91A}.Release|Any CPU.ActiveCfg = Release|Any CPU
		{3E90BEA6-0C91-43C4-8083-2D44B561A91A}.Release|Any CPU.Build.0 = Release|Any CPU
	EndGlobalSection
	GlobalSection(SolutionProperties) = preSolution
		HideSolutionNode = FALSE
	EndGlobalSection
	GlobalSection(ExtensibilityGlobals) = postSolution
		SolutionGuid = {F731A30D-C9DB-4355-B0C3-C781E2B0D96C}
	EndGlobalSection
EndGlobal
