
Microsoft Visual Studio Solution File, Format Version 12.00
# Visual Studio Version 16
VisualStudioVersion = 16.0.32002.261
MinimumVisualStudioVersion = 10.0.40219.1
Project("{FAE04EC0-301F-11D3-BF4B-00C04F79EFBC}") = "BaiTapB1", "BaiTapB1\BaiTapB1.csproj", "{B1562CB0-47E7-47D8-8D89-3C92CCC0AF98}"
EndProject
Global
	GlobalSection(SolutionConfigurationPlatforms) = preSolution
		Debug|Any CPU = Debug|Any CPU
		Release|Any CPU = Release|Any CPU
	EndGlobalSection
	GlobalSection(ProjectConfigurationPlatforms) = postSolution
		{B1562CB0-47E7-47D8-8D89-3C92CCC0AF98}.Debug|Any CPU.ActiveCfg = Debug|Any CPU
		{B1562CB0-47E7-47D8-8D89-3C92CCC0AF98}.Debug|Any CPU.Build.0 = Debug|Any CPU
		{B1562CB0-47E7-47D8-8D89-3C92CCC0AF98}.Release|Any CPU.ActiveCfg = Release|Any CPU
		{B1562CB0-47E7-47D8-8D89-3C92CCC0AF98}.Release|Any CPU.Build.0 = Release|Any CPU
	EndGlobalSection
	GlobalSection(SolutionProperties) = preSolution
		HideSolutionNode = FALSE
	EndGlobalSection
	GlobalSection(ExtensibilityGlobals) = postSolution
		SolutionGuid = {C3602E18-2AE1-43B2-AA13-4F7BCD7A5C44}
	EndGlobalSection
EndGlobal
